
Microsoft Visual Studio Solution File, Format Version 12.00
# Visual Studio 15
VisualStudioVersion = 15.0.28010.2026
MinimumVisualStudioVersion = 10.0.40219.1
Project("{FAE04EC0-301F-11D3-BF4B-00C04F79EFBC}") = "MathQuizStoddard", "MathQuizStoddard\MathQuizStoddard.csproj", "{AFA22381-E7CF-45CD-AC88-704816F7E896}"
EndProject
Global
	GlobalSection(SolutionConfigurationPlatforms) = preSolution
		Debug|Any CPU = Debug|Any CPU
		Release|Any CPU = Release|Any CPU
	EndGlobalSection
	GlobalSection(ProjectConfigurationPlatforms) = postSolution
		{AFA22381-E7CF-45CD-AC88-704816F7E896}.Debug|Any CPU.ActiveCfg = Debug|Any CPU
		{AFA22381-E7CF-45CD-AC88-704816F7E896}.Debug|Any CPU.Build.0 = Debug|Any CPU
		{AFA22381-E7CF-45CD-AC88-704816F7E896}.Release|Any CPU.ActiveCfg = Release|Any CPU
		{AFA22381-E7CF-45CD-AC88-704816F7E896}.Release|Any CPU.Build.0 = Release|Any CPU
	EndGlobalSection
	GlobalSection(SolutionProperties) = preSolution
		HideSolutionNode = FALSE
	EndGlobalSection
	GlobalSection(ExtensibilityGlobals) = postSolution
		SolutionGuid = {6EC6B2EF-7922-4EA4-95DB-E91FC63A9E94}
	EndGlobalSection
EndGlobal
